// !$*UTF8*$!
{
	archiveVersion = 1;
	classes = {
	};
	objectVersion = 56;
	objects = {

/* Begin PBXBuildFile section */
		0232D22D297AC75200716277 /* HomeController.swift in Sources */ = {isa = PBXBuildFile; fileRef = 0232D22C297AC75200716277 /* HomeController.swift */; };
		0232D22F297B19AC00716277 /* LocationInputActivationView.swift in Sources */ = {isa = PBXBuildFile; fileRef = 0232D22E297B19AC00716277 /* LocationInputActivationView.swift */; };
		0232D231297B2DC000716277 /* LocationInputView.swift in Sources */ = {isa = PBXBuildFile; fileRef = 0232D230297B2DC000716277 /* LocationInputView.swift */; };
		0232D235297B2ED000716277 /* DriverAnnotation.swift in Sources */ = {isa = PBXBuildFile; fileRef = 0232D232297B2ED000716277 /* DriverAnnotation.swift */; };
		0232D236297B2ED000716277 /* Trip.swift in Sources */ = {isa = PBXBuildFile; fileRef = 0232D233297B2ED000716277 /* Trip.swift */; };
		0232D237297B2ED000716277 /* User.swift in Sources */ = {isa = PBXBuildFile; fileRef = 0232D234297B2ED000716277 /* User.swift */; };
		0232D239297B2EFF00716277 /* Service.swift in Sources */ = {isa = PBXBuildFile; fileRef = 0232D238297B2EFF00716277 /* Service.swift */; };
		0232D23C297B2F6700716277 /* Extensions.swift in Sources */ = {isa = PBXBuildFile; fileRef = 0232D23A297B2F6700716277 /* Extensions.swift */; };
		0232D23D297B2F6700716277 /* LocationHandler.swift in Sources */ = {isa = PBXBuildFile; fileRef = 0232D23B297B2F6700716277 /* LocationHandler.swift */; };
		02AF198E29799F5D0048DE49 /* AppDelegate.swift in Sources */ = {isa = PBXBuildFile; fileRef = 02AF198D29799F5D0048DE49 /* AppDelegate.swift */; };
		02AF199029799F5D0048DE49 /* SceneDelegate.swift in Sources */ = {isa = PBXBuildFile; fileRef = 02AF198F29799F5D0048DE49 /* SceneDelegate.swift */; };
		02AF199529799F5E0048DE49 /* Main.storyboard in Resources */ = {isa = PBXBuildFile; fileRef = 02AF199329799F5E0048DE49 /* Main.storyboard */; };
		02AF199729799F600048DE49 /* Assets.xcassets in Resources */ = {isa = PBXBuildFile; fileRef = 02AF199629799F600048DE49 /* Assets.xcassets */; };
		02AF199A29799F600048DE49 /* LaunchScreen.storyboard in Resources */ = {isa = PBXBuildFile; fileRef = 02AF199829799F600048DE49 /* LaunchScreen.storyboard */; };
		02AF19A529799F600048DE49 /* TravelBuddyTests.swift in Sources */ = {isa = PBXBuildFile; fileRef = 02AF19A429799F600048DE49 /* TravelBuddyTests.swift */; };
		02AF19AF29799F600048DE49 /* TravelBuddyUITests.swift in Sources */ = {isa = PBXBuildFile; fileRef = 02AF19AE29799F600048DE49 /* TravelBuddyUITests.swift */; };
		02AF19B129799F600048DE49 /* TravelBuddyUITestsLaunchTests.swift in Sources */ = {isa = PBXBuildFile; fileRef = 02AF19B029799F600048DE49 /* TravelBuddyUITestsLaunchTests.swift */; };
		02AF19C52979B7C70048DE49 /* LoginController.swift in Sources */ = {isa = PBXBuildFile; fileRef = 02AF19C42979B7C70048DE49 /* LoginController.swift */; };
		02AF19C72979CEE10048DE49 /* RegisterController.swift in Sources */ = {isa = PBXBuildFile; fileRef = 02AF19C62979CEE10048DE49 /* RegisterController.swift */; };
		02AF19CC2979D5DC0048DE49 /* FirebaseAnalytics in Frameworks */ = {isa = PBXBuildFile; productRef = 02AF19CB2979D5DC0048DE49 /* FirebaseAnalytics */; };
		02AF19CE2979D5DC0048DE49 /* FirebaseAnalyticsOnDeviceConversion in Frameworks */ = {isa = PBXBuildFile; productRef = 02AF19CD2979D5DC0048DE49 /* FirebaseAnalyticsOnDeviceConversion */; };
		02AF19D02979D5DC0048DE49 /* FirebaseAnalyticsSwift in Frameworks */ = {isa = PBXBuildFile; productRef = 02AF19CF2979D5DC0048DE49 /* FirebaseAnalyticsSwift */; };
		02AF19D22979D5DC0048DE49 /* FirebaseAnalyticsWithoutAdIdSupport in Frameworks */ = {isa = PBXBuildFile; productRef = 02AF19D12979D5DC0048DE49 /* FirebaseAnalyticsWithoutAdIdSupport */; };
		02AF19D42979D5DC0048DE49 /* FirebaseAppCheck in Frameworks */ = {isa = PBXBuildFile; productRef = 02AF19D32979D5DC0048DE49 /* FirebaseAppCheck */; };
		02AF19D62979D5DC0048DE49 /* FirebaseAppDistribution-Beta in Frameworks */ = {isa = PBXBuildFile; productRef = 02AF19D52979D5DC0048DE49 /* FirebaseAppDistribution-Beta */; };
		02AF19D82979D5DC0048DE49 /* FirebaseAuth in Frameworks */ = {isa = PBXBuildFile; productRef = 02AF19D72979D5DC0048DE49 /* FirebaseAuth */; };
		02AF19DA2979D5DC0048DE49 /* FirebaseAuthCombine-Community in Frameworks */ = {isa = PBXBuildFile; productRef = 02AF19D92979D5DC0048DE49 /* FirebaseAuthCombine-Community */; };
		02AF19DC2979D5DC0048DE49 /* FirebaseCrashlytics in Frameworks */ = {isa = PBXBuildFile; productRef = 02AF19DB2979D5DC0048DE49 /* FirebaseCrashlytics */; };
		02AF19DE2979D5DC0048DE49 /* FirebaseDatabase in Frameworks */ = {isa = PBXBuildFile; productRef = 02AF19DD2979D5DC0048DE49 /* FirebaseDatabase */; };
		02AF19E02979D5DC0048DE49 /* FirebaseDatabaseSwift in Frameworks */ = {isa = PBXBuildFile; productRef = 02AF19DF2979D5DC0048DE49 /* FirebaseDatabaseSwift */; };
		02AF19E22979D5DC0048DE49 /* FirebaseDynamicLinks in Frameworks */ = {isa = PBXBuildFile; productRef = 02AF19E12979D5DC0048DE49 /* FirebaseDynamicLinks */; };
		02AF19E42979D5DC0048DE49 /* FirebaseFirestore in Frameworks */ = {isa = PBXBuildFile; productRef = 02AF19E32979D5DC0048DE49 /* FirebaseFirestore */; };
		02AF19E62979D5DC0048DE49 /* FirebaseFirestoreCombine-Community in Frameworks */ = {isa = PBXBuildFile; productRef = 02AF19E52979D5DC0048DE49 /* FirebaseFirestoreCombine-Community */; };
		02AF19E82979D5DC0048DE49 /* FirebaseFirestoreSwift in Frameworks */ = {isa = PBXBuildFile; productRef = 02AF19E72979D5DC0048DE49 /* FirebaseFirestoreSwift */; };
		02AF19EA2979D5DC0048DE49 /* FirebaseFunctions in Frameworks */ = {isa = PBXBuildFile; productRef = 02AF19E92979D5DC0048DE49 /* FirebaseFunctions */; };
		02AF19EC2979D5DC0048DE49 /* FirebaseFunctionsCombine-Community in Frameworks */ = {isa = PBXBuildFile; productRef = 02AF19EB2979D5DC0048DE49 /* FirebaseFunctionsCombine-Community */; };
		02AF19EE2979D5DC0048DE49 /* FirebaseInAppMessaging-Beta in Frameworks */ = {isa = PBXBuildFile; productRef = 02AF19ED2979D5DC0048DE49 /* FirebaseInAppMessaging-Beta */; };
		02AF19F02979D5DC0048DE49 /* FirebaseInAppMessagingSwift-Beta in Frameworks */ = {isa = PBXBuildFile; productRef = 02AF19EF2979D5DC0048DE49 /* FirebaseInAppMessagingSwift-Beta */; };
		02AF19F22979D5DC0048DE49 /* FirebaseInstallations in Frameworks */ = {isa = PBXBuildFile; productRef = 02AF19F12979D5DC0048DE49 /* FirebaseInstallations */; };
		02AF19F42979D5DC0048DE49 /* FirebaseMLModelDownloader in Frameworks */ = {isa = PBXBuildFile; productRef = 02AF19F32979D5DC0048DE49 /* FirebaseMLModelDownloader */; };
		02AF19F62979D5DC0048DE49 /* FirebaseMessaging in Frameworks */ = {isa = PBXBuildFile; productRef = 02AF19F52979D5DC0048DE49 /* FirebaseMessaging */; };
		02AF19F82979D5DC0048DE49 /* FirebasePerformance in Frameworks */ = {isa = PBXBuildFile; productRef = 02AF19F72979D5DC0048DE49 /* FirebasePerformance */; };
		02AF19FA2979D5DC0048DE49 /* FirebaseRemoteConfig in Frameworks */ = {isa = PBXBuildFile; productRef = 02AF19F92979D5DC0048DE49 /* FirebaseRemoteConfig */; };
		02AF19FC2979D5DC0048DE49 /* FirebaseRemoteConfigSwift in Frameworks */ = {isa = PBXBuildFile; productRef = 02AF19FB2979D5DC0048DE49 /* FirebaseRemoteConfigSwift */; };
		02AF19FE2979D5DC0048DE49 /* FirebaseStorage in Frameworks */ = {isa = PBXBuildFile; productRef = 02AF19FD2979D5DC0048DE49 /* FirebaseStorage */; };
		02AF1A002979D5DC0048DE49 /* FirebaseStorageCombine-Community in Frameworks */ = {isa = PBXBuildFile; productRef = 02AF19FF2979D5DC0048DE49 /* FirebaseStorageCombine-Community */; };
		02AF1A022979D6180048DE49 /* GoogleService-Info.plist in Resources */ = {isa = PBXBuildFile; fileRef = 02AF1A012979D6170048DE49 /* GoogleService-Info.plist */; };
/* End PBXBuildFile section */

/* Begin PBXContainerItemProxy section */
		02AF19A129799F600048DE49 /* PBXContainerItemProxy */ = {
			isa = PBXContainerItemProxy;
			containerPortal = 02AF198229799F5D0048DE49 /* Project object */;
			proxyType = 1;
			remoteGlobalIDString = 02AF198929799F5D0048DE49;
			remoteInfo = TravelBuddy;
		};
		02AF19AB29799F600048DE49 /* PBXContainerItemProxy */ = {
			isa = PBXContainerItemProxy;
			containerPortal = 02AF198229799F5D0048DE49 /* Project object */;
			proxyType = 1;
			remoteGlobalIDString = 02AF198929799F5D0048DE49;
			remoteInfo = TravelBuddy;
		};
/* End PBXContainerItemProxy section */

/* Begin PBXFileReference section */
		0232D22C297AC75200716277 /* HomeController.swift */ = {isa = PBXFileReference; lastKnownFileType = sourcecode.swift; path = HomeController.swift; sourceTree = "<group>"; };
		0232D22E297B19AC00716277 /* LocationInputActivationView.swift */ = {isa = PBXFileReference; lastKnownFileType = sourcecode.swift; path = LocationInputActivationView.swift; sourceTree = "<group>"; };
		0232D230297B2DC000716277 /* LocationInputView.swift */ = {isa = PBXFileReference; lastKnownFileType = sourcecode.swift; path = LocationInputView.swift; sourceTree = "<group>"; };
		0232D232297B2ED000716277 /* DriverAnnotation.swift */ = {isa = PBXFileReference; fileEncoding = 4; lastKnownFileType = sourcecode.swift; path = DriverAnnotation.swift; sourceTree = "<group>"; };
		0232D233297B2ED000716277 /* Trip.swift */ = {isa = PBXFileReference; fileEncoding = 4; lastKnownFileType = sourcecode.swift; path = Trip.swift; sourceTree = "<group>"; };
		0232D234297B2ED000716277 /* User.swift */ = {isa = PBXFileReference; fileEncoding = 4; lastKnownFileType = sourcecode.swift; path = User.swift; sourceTree = "<group>"; };
		0232D238297B2EFF00716277 /* Service.swift */ = {isa = PBXFileReference; fileEncoding = 4; lastKnownFileType = sourcecode.swift; path = Service.swift; sourceTree = "<group>"; };
		0232D23A297B2F6700716277 /* Extensions.swift */ = {isa = PBXFileReference; fileEncoding = 4; lastKnownFileType = sourcecode.swift; path = Extensions.swift; sourceTree = "<group>"; };
		0232D23B297B2F6700716277 /* LocationHandler.swift */ = {isa = PBXFileReference; fileEncoding = 4; lastKnownFileType = sourcecode.swift; path = LocationHandler.swift; sourceTree = "<group>"; };
		02AF198A29799F5D0048DE49 /* TravelBuddy.app */ = {isa = PBXFileReference; explicitFileType = wrapper.application; includeInIndex = 0; path = TravelBuddy.app; sourceTree = BUILT_PRODUCTS_DIR; };
		02AF198D29799F5D0048DE49 /* AppDelegate.swift */ = {isa = PBXFileReference; lastKnownFileType = sourcecode.swift; path = AppDelegate.swift; sourceTree = "<group>"; };
		02AF198F29799F5D0048DE49 /* SceneDelegate.swift */ = {isa = PBXFileReference; lastKnownFileType = sourcecode.swift; path = SceneDelegate.swift; sourceTree = "<group>"; };
		02AF199429799F5E0048DE49 /* Base */ = {isa = PBXFileReference; lastKnownFileType = file.storyboard; name = Base; path = Base.lproj/Main.storyboard; sourceTree = "<group>"; };
		02AF199629799F600048DE49 /* Assets.xcassets */ = {isa = PBXFileReference; lastKnownFileType = folder.assetcatalog; path = Assets.xcassets; sourceTree = "<group>"; };
		02AF199929799F600048DE49 /* Base */ = {isa = PBXFileReference; lastKnownFileType = file.storyboard; name = Base; path = Base.lproj/LaunchScreen.storyboard; sourceTree = "<group>"; };
		02AF199B29799F600048DE49 /* Info.plist */ = {isa = PBXFileReference; lastKnownFileType = text.plist.xml; path = Info.plist; sourceTree = "<group>"; };
		02AF19A029799F600048DE49 /* TravelBuddyTests.xctest */ = {isa = PBXFileReference; explicitFileType = wrapper.cfbundle; includeInIndex = 0; path = TravelBuddyTests.xctest; sourceTree = BUILT_PRODUCTS_DIR; };
		02AF19A429799F600048DE49 /* TravelBuddyTests.swift */ = {isa = PBXFileReference; lastKnownFileType = sourcecode.swift; path = TravelBuddyTests.swift; sourceTree = "<group>"; };
		02AF19AA29799F600048DE49 /* TravelBuddyUITests.xctest */ = {isa = PBXFileReference; explicitFileType = wrapper.cfbundle; includeInIndex = 0; path = TravelBuddyUITests.xctest; sourceTree = BUILT_PRODUCTS_DIR; };
		02AF19AE29799F600048DE49 /* TravelBuddyUITests.swift */ = {isa = PBXFileReference; lastKnownFileType = sourcecode.swift; path = TravelBuddyUITests.swift; sourceTree = "<group>"; };
		02AF19B029799F600048DE49 /* TravelBuddyUITestsLaunchTests.swift */ = {isa = PBXFileReference; lastKnownFileType = sourcecode.swift; path = TravelBuddyUITestsLaunchTests.swift; sourceTree = "<group>"; };
		02AF19C42979B7C70048DE49 /* LoginController.swift */ = {isa = PBXFileReference; lastKnownFileType = sourcecode.swift; name = LoginController.swift; path = ../../../../../LoginController.swift; sourceTree = "<group>"; };
		02AF19C62979CEE10048DE49 /* RegisterController.swift */ = {isa = PBXFileReference; lastKnownFileType = sourcecode.swift; name = RegisterController.swift; path = ../../../../../RegisterController.swift; sourceTree = "<group>"; };
		02AF1A012979D6170048DE49 /* GoogleService-Info.plist */ = {isa = PBXFileReference; fileEncoding = 4; lastKnownFileType = text.plist.xml; name = "GoogleService-Info.plist"; path = "../../GoogleService-Info.plist"; sourceTree = "<group>"; };
/* End PBXFileReference section */

/* Begin PBXFrameworksBuildPhase section */
		02AF198729799F5D0048DE49 /* Frameworks */ = {
			isa = PBXFrameworksBuildPhase;
			buildActionMask = 2147483647;
			files = (
				02AF19DE2979D5DC0048DE49 /* FirebaseDatabase in Frameworks */,
				02AF19EC2979D5DC0048DE49 /* FirebaseFunctionsCombine-Community in Frameworks */,
				02AF19E42979D5DC0048DE49 /* FirebaseFirestore in Frameworks */,
				02AF19D02979D5DC0048DE49 /* FirebaseAnalyticsSwift in Frameworks */,
				02AF19CC2979D5DC0048DE49 /* FirebaseAnalytics in Frameworks */,
				02AF19CE2979D5DC0048DE49 /* FirebaseAnalyticsOnDeviceConversion in Frameworks */,
				02AF19F42979D5DC0048DE49 /* FirebaseMLModelDownloader in Frameworks */,
				02AF19E82979D5DC0048DE49 /* FirebaseFirestoreSwift in Frameworks */,
				02AF19D42979D5DC0048DE49 /* FirebaseAppCheck in Frameworks */,
				02AF19D22979D5DC0048DE49 /* FirebaseAnalyticsWithoutAdIdSupport in Frameworks */,
				02AF19D82979D5DC0048DE49 /* FirebaseAuth in Frameworks */,
				02AF19DC2979D5DC0048DE49 /* FirebaseCrashlytics in Frameworks */,
				02AF19FC2979D5DC0048DE49 /* FirebaseRemoteConfigSwift in Frameworks */,
				02AF19EE2979D5DC0048DE49 /* FirebaseInAppMessaging-Beta in Frameworks */,
				02AF19E02979D5DC0048DE49 /* FirebaseDatabaseSwift in Frameworks */,
				02AF19EA2979D5DC0048DE49 /* FirebaseFunctions in Frameworks */,
				02AF1A002979D5DC0048DE49 /* FirebaseStorageCombine-Community in Frameworks */,
				02AF19FA2979D5DC0048DE49 /* FirebaseRemoteConfig in Frameworks */,
				02AF19D62979D5DC0048DE49 /* FirebaseAppDistribution-Beta in Frameworks */,
				02AF19DA2979D5DC0048DE49 /* FirebaseAuthCombine-Community in Frameworks */,
				02AF19F82979D5DC0048DE49 /* FirebasePerformance in Frameworks */,
				02AF19F02979D5DC0048DE49 /* FirebaseInAppMessagingSwift-Beta in Frameworks */,
				02AF19FE2979D5DC0048DE49 /* FirebaseStorage in Frameworks */,
				02AF19E22979D5DC0048DE49 /* FirebaseDynamicLinks in Frameworks */,
				02AF19E62979D5DC0048DE49 /* FirebaseFirestoreCombine-Community in Frameworks */,
				02AF19F62979D5DC0048DE49 /* FirebaseMessaging in Frameworks */,
				02AF19F22979D5DC0048DE49 /* FirebaseInstallations in Frameworks */,
			);
			runOnlyForDeploymentPostprocessing = 0;
		};
		02AF199D29799F600048DE49 /* Frameworks */ = {
			isa = PBXFrameworksBuildPhase;
			buildActionMask = 2147483647;
			files = (
			);
			runOnlyForDeploymentPostprocessing = 0;
		};
		02AF19A729799F600048DE49 /* Frameworks */ = {
			isa = PBXFrameworksBuildPhase;
			buildActionMask = 2147483647;
			files = (
			);
			runOnlyForDeploymentPostprocessing = 0;
		};
/* End PBXFrameworksBuildPhase section */

/* Begin PBXGroup section */
		02AF198129799F5D0048DE49 = {
			isa = PBXGroup;
			children = (
				02AF198C29799F5D0048DE49 /* TravelBuddy */,
				02AF19A329799F600048DE49 /* TravelBuddyTests */,
				02AF19AD29799F600048DE49 /* TravelBuddyUITests */,
				02AF198B29799F5D0048DE49 /* Products */,
			);
			sourceTree = "<group>";
		};
		02AF198B29799F5D0048DE49 /* Products */ = {
			isa = PBXGroup;
			children = (
				02AF198A29799F5D0048DE49 /* TravelBuddy.app */,
				02AF19A029799F600048DE49 /* TravelBuddyTests.xctest */,
				02AF19AA29799F600048DE49 /* TravelBuddyUITests.xctest */,
			);
			name = Products;
			sourceTree = "<group>";
		};
		02AF198C29799F5D0048DE49 /* TravelBuddy */ = {
			isa = PBXGroup;
			children = (
				02AF19C32979A27A0048DE49 /* View */,
				02AF19C22979A2770048DE49 /* Controller */,
				02AF19C12979A2740048DE49 /* Service */,
				02AF19BE2979A2650048DE49 /* Utils */,
				02AF19BD2979A2600048DE49 /* Model */,
				02AF198D29799F5D0048DE49 /* AppDelegate.swift */,
				02AF198F29799F5D0048DE49 /* SceneDelegate.swift */,
				02AF199329799F5E0048DE49 /* Main.storyboard */,
				02AF199629799F600048DE49 /* Assets.xcassets */,
				02AF199829799F600048DE49 /* LaunchScreen.storyboard */,
				02AF199B29799F600048DE49 /* Info.plist */,
				02AF1A012979D6170048DE49 /* GoogleService-Info.plist */,
			);
			path = TravelBuddy;
			sourceTree = "<group>";
		};
		02AF19A329799F600048DE49 /* TravelBuddyTests */ = {
			isa = PBXGroup;
			children = (
				02AF19A429799F600048DE49 /* TravelBuddyTests.swift */,
			);
			path = TravelBuddyTests;
			sourceTree = "<group>";
		};
		02AF19AD29799F600048DE49 /* TravelBuddyUITests */ = {
			isa = PBXGroup;
			children = (
				02AF19AE29799F600048DE49 /* TravelBuddyUITests.swift */,
				02AF19B029799F600048DE49 /* TravelBuddyUITestsLaunchTests.swift */,
			);
			path = TravelBuddyUITests;
			sourceTree = "<group>";
		};
		02AF19BD2979A2600048DE49 /* Model */ = {
			isa = PBXGroup;
			children = (
				0232D232297B2ED000716277 /* DriverAnnotation.swift */,
				0232D233297B2ED000716277 /* Trip.swift */,
				0232D234297B2ED000716277 /* User.swift */,
			);
			path = Model;
			sourceTree = "<group>";
		};
		02AF19BE2979A2650048DE49 /* Utils */ = {
			isa = PBXGroup;
			children = (
				0232D23A297B2F6700716277 /* Extensions.swift */,
				0232D23B297B2F6700716277 /* LocationHandler.swift */,
			);
			path = Utils;
			sourceTree = "<group>";
		};
		02AF19C12979A2740048DE49 /* Service */ = {
			isa = PBXGroup;
			children = (
				0232D238297B2EFF00716277 /* Service.swift */,
			);
			path = Service;
			sourceTree = "<group>";
		};
		02AF19C22979A2770048DE49 /* Controller */ = {
			isa = PBXGroup;
			children = (
				02AF19C42979B7C70048DE49 /* LoginController.swift */,
				02AF19C62979CEE10048DE49 /* RegisterController.swift */,
				0232D22C297AC75200716277 /* HomeController.swift */,
			);
			path = Controller;
			sourceTree = "<group>";
		};
		02AF19C32979A27A0048DE49 /* View */ = {
			isa = PBXGroup;
			children = (
				0232D22E297B19AC00716277 /* LocationInputActivationView.swift */,
				0232D230297B2DC000716277 /* LocationInputView.swift */,
			);
			path = View;
			sourceTree = "<group>";
		};
/* End PBXGroup section */

/* Begin PBXNativeTarget section */
		02AF198929799F5D0048DE49 /* TravelBuddy */ = {
			isa = PBXNativeTarget;
			buildConfigurationList = 02AF19B429799F600048DE49 /* Build configuration list for PBXNativeTarget "TravelBuddy" */;
			buildPhases = (
				02AF198629799F5D0048DE49 /* Sources */,
				02AF198729799F5D0048DE49 /* Frameworks */,
				02AF198829799F5D0048DE49 /* Resources */,
			);
			buildRules = (
			);
			dependencies = (
			);
			name = TravelBuddy;
			packageProductDependencies = (
				02AF19CB2979D5DC0048DE49 /* FirebaseAnalytics */,
				02AF19CD2979D5DC0048DE49 /* FirebaseAnalyticsOnDeviceConversion */,
				02AF19CF2979D5DC0048DE49 /* FirebaseAnalyticsSwift */,
				02AF19D12979D5DC0048DE49 /* FirebaseAnalyticsWithoutAdIdSupport */,
				02AF19D32979D5DC0048DE49 /* FirebaseAppCheck */,
				02AF19D52979D5DC0048DE49 /* FirebaseAppDistribution-Beta */,
				02AF19D72979D5DC0048DE49 /* FirebaseAuth */,
				02AF19D92979D5DC0048DE49 /* FirebaseAuthCombine-Community */,
				02AF19DB2979D5DC0048DE49 /* FirebaseCrashlytics */,
				02AF19DD2979D5DC0048DE49 /* FirebaseDatabase */,
				02AF19DF2979D5DC0048DE49 /* FirebaseDatabaseSwift */,
				02AF19E12979D5DC0048DE49 /* FirebaseDynamicLinks */,
				02AF19E32979D5DC0048DE49 /* FirebaseFirestore */,
				02AF19E52979D5DC0048DE49 /* FirebaseFirestoreCombine-Community */,
				02AF19E72979D5DC0048DE49 /* FirebaseFirestoreSwift */,
				02AF19E92979D5DC0048DE49 /* FirebaseFunctions */,
				02AF19EB2979D5DC0048DE49 /* FirebaseFunctionsCombine-Community */,
				02AF19ED2979D5DC0048DE49 /* FirebaseInAppMessaging-Beta */,
				02AF19EF2979D5DC0048DE49 /* FirebaseInAppMessagingSwift-Beta */,
				02AF19F12979D5DC0048DE49 /* FirebaseInstallations */,
				02AF19F32979D5DC0048DE49 /* FirebaseMLModelDownloader */,
				02AF19F52979D5DC0048DE49 /* FirebaseMessaging */,
				02AF19F72979D5DC0048DE49 /* FirebasePerformance */,
				02AF19F92979D5DC0048DE49 /* FirebaseRemoteConfig */,
				02AF19FB2979D5DC0048DE49 /* FirebaseRemoteConfigSwift */,
				02AF19FD2979D5DC0048DE49 /* FirebaseStorage */,
				02AF19FF2979D5DC0048DE49 /* FirebaseStorageCombine-Community */,
			);
			productName = TravelBuddy;
			productReference = 02AF198A29799F5D0048DE49 /* TravelBuddy.app */;
			productType = "com.apple.product-type.application";
		};
		02AF199F29799F600048DE49 /* TravelBuddyTests */ = {
			isa = PBXNativeTarget;
			buildConfigurationList = 02AF19B729799F600048DE49 /* Build configuration list for PBXNativeTarget "TravelBuddyTests" */;
			buildPhases = (
				02AF199C29799F600048DE49 /* Sources */,
				02AF199D29799F600048DE49 /* Frameworks */,
				02AF199E29799F600048DE49 /* Resources */,
			);
			buildRules = (
			);
			dependencies = (
				02AF19A229799F600048DE49 /* PBXTargetDependency */,
			);
			name = TravelBuddyTests;
			productName = TravelBuddyTests;
			productReference = 02AF19A029799F600048DE49 /* TravelBuddyTests.xctest */;
			productType = "com.apple.product-type.bundle.unit-test";
		};
		02AF19A929799F600048DE49 /* TravelBuddyUITests */ = {
			isa = PBXNativeTarget;
			buildConfigurationList = 02AF19BA29799F600048DE49 /* Build configuration list for PBXNativeTarget "TravelBuddyUITests" */;
			buildPhases = (
				02AF19A629799F600048DE49 /* Sources */,
				02AF19A729799F600048DE49 /* Frameworks */,
				02AF19A829799F600048DE49 /* Resources */,
			);
			buildRules = (
			);
			dependencies = (
				02AF19AC29799F600048DE49 /* PBXTargetDependency */,
			);
			name = TravelBuddyUITests;
			productName = TravelBuddyUITests;
			productReference = 02AF19AA29799F600048DE49 /* TravelBuddyUITests.xctest */;
			productType = "com.apple.product-type.bundle.ui-testing";
		};
/* End PBXNativeTarget section */

/* Begin PBXProject section */
		02AF198229799F5D0048DE49 /* Project object */ = {
			isa = PBXProject;
			attributes = {
				BuildIndependentTargetsInParallel = 1;
				LastSwiftUpdateCheck = 1420;
				LastUpgradeCheck = 1420;
				TargetAttributes = {
					02AF198929799F5D0048DE49 = {
						CreatedOnToolsVersion = 14.2;
					};
					02AF199F29799F600048DE49 = {
						CreatedOnToolsVersion = 14.2;
						TestTargetID = 02AF198929799F5D0048DE49;
					};
					02AF19A929799F600048DE49 = {
						CreatedOnToolsVersion = 14.2;
						TestTargetID = 02AF198929799F5D0048DE49;
					};
				};
			};
			buildConfigurationList = 02AF198529799F5D0048DE49 /* Build configuration list for PBXProject "TravelBuddy" */;
			compatibilityVersion = "Xcode 14.0";
			developmentRegion = en;
			hasScannedForEncodings = 0;
			knownRegions = (
				en,
				Base,
			);
			mainGroup = 02AF198129799F5D0048DE49;
			packageReferences = (
				02AF19CA2979D5DC0048DE49 /* XCRemoteSwiftPackageReference "firebase-ios-sdk" */,
			);
			productRefGroup = 02AF198B29799F5D0048DE49 /* Products */;
			projectDirPath = "";
			projectRoot = "";
			targets = (
				02AF198929799F5D0048DE49 /* TravelBuddy */,
				02AF199F29799F600048DE49 /* TravelBuddyTests */,
				02AF19A929799F600048DE49 /* TravelBuddyUITests */,
			);
		};
/* End PBXProject section */

/* Begin PBXResourcesBuildPhase section */
		02AF198829799F5D0048DE49 /* Resources */ = {
			isa = PBXResourcesBuildPhase;
			buildActionMask = 2147483647;
			files = (
				02AF199A29799F600048DE49 /* LaunchScreen.storyboard in Resources */,
				02AF1A022979D6180048DE49 /* GoogleService-Info.plist in Resources */,
				02AF199729799F600048DE49 /* Assets.xcassets in Resources */,
				02AF199529799F5E0048DE49 /* Main.storyboard in Resources */,
			);
			runOnlyForDeploymentPostprocessing = 0;
		};
		02AF199E29799F600048DE49 /* Resources */ = {
			isa = PBXResourcesBuildPhase;
			buildActionMask = 2147483647;
			files = (
			);
			runOnlyForDeploymentPostprocessing = 0;
		};
		02AF19A829799F600048DE49 /* Resources */ = {
			isa = PBXResourcesBuildPhase;
			buildActionMask = 2147483647;
			files = (
			);
			runOnlyForDeploymentPostprocessing = 0;
		};
/* End PBXResourcesBuildPhase section */

/* Begin PBXSourcesBuildPhase section */
		02AF198629799F5D0048DE49 /* Sources */ = {
			isa = PBXSourcesBuildPhase;
			buildActionMask = 2147483647;
			files = (
				0232D235297B2ED000716277 /* DriverAnnotation.swift in Sources */,
				02AF19C72979CEE10048DE49 /* RegisterController.swift in Sources */,
				02AF198E29799F5D0048DE49 /* AppDelegate.swift in Sources */,
				0232D236297B2ED000716277 /* Trip.swift in Sources */,
				02AF19C52979B7C70048DE49 /* LoginController.swift in Sources */,
				02AF199029799F5D0048DE49 /* SceneDelegate.swift in Sources */,
				0232D22F297B19AC00716277 /* LocationInputActivationView.swift in Sources */,
				0232D23D297B2F6700716277 /* LocationHandler.swift in Sources */,
				0232D23C297B2F6700716277 /* Extensions.swift in Sources */,
				0232D22D297AC75200716277 /* HomeController.swift in Sources */,
				0232D239297B2EFF00716277 /* Service.swift in Sources */,
				0232D237297B2ED000716277 /* User.swift in Sources */,
				0232D231297B2DC000716277 /* LocationInputView.swift in Sources */,
			);
			runOnlyForDeploymentPostprocessing = 0;
		};
		02AF199C29799F600048DE49 /* Sources */ = {
			isa = PBXSourcesBuildPhase;
			buildActionMask = 2147483647;
			files = (
				02AF19A529799F600048DE49 /* TravelBuddyTests.swift in Sources */,
			);
			runOnlyForDeploymentPostprocessing = 0;
		};
		02AF19A629799F600048DE49 /* Sources */ = {
			isa = PBXSourcesBuildPhase;
			buildActionMask = 2147483647;
			files = (
				02AF19AF29799F600048DE49 /* TravelBuddyUITests.swift in Sources */,
				02AF19B129799F600048DE49 /* TravelBuddyUITestsLaunchTests.swift in Sources */,
			);
			runOnlyForDeploymentPostprocessing = 0;
		};
/* End PBXSourcesBuildPhase section */

/* Begin PBXTargetDependency section */
		02AF19A229799F600048DE49 /* PBXTargetDependency */ = {
			isa = PBXTargetDependency;
			target = 02AF198929799F5D0048DE49 /* TravelBuddy */;
			targetProxy = 02AF19A129799F600048DE49 /* PBXContainerItemProxy */;
		};
		02AF19AC29799F600048DE49 /* PBXTargetDependency */ = {
			isa = PBXTargetDependency;
			target = 02AF198929799F5D0048DE49 /* TravelBuddy */;
			targetProxy = 02AF19AB29799F600048DE49 /* PBXContainerItemProxy */;
		};
/* End PBXTargetDependency section */

/* Begin PBXVariantGroup section */
		02AF199329799F5E0048DE49 /* Main.storyboard */ = {
			isa = PBXVariantGroup;
			children = (
				02AF199429799F5E0048DE49 /* Base */,
			);
			name = Main.storyboard;
			sourceTree = "<group>";
		};
		02AF199829799F600048DE49 /* LaunchScreen.storyboard */ = {
			isa = PBXVariantGroup;
			children = (
				02AF199929799F600048DE49 /* Base */,
			);
			name = LaunchScreen.storyboard;
			sourceTree = "<group>";
		};
/* End PBXVariantGroup section */

/* Begin XCBuildConfiguration section */
		02AF19B229799F600048DE49 /* Debug */ = {
			isa = XCBuildConfiguration;
			buildSettings = {
				ALWAYS_SEARCH_USER_PATHS = NO;
				CLANG_ANALYZER_NONNULL = YES;
				CLANG_ANALYZER_NUMBER_OBJECT_CONVERSION = YES_AGGRESSIVE;
				CLANG_CXX_LANGUAGE_STANDARD = "gnu++20";
				CLANG_ENABLE_MODULES = YES;
				CLANG_ENABLE_OBJC_ARC = YES;
				CLANG_ENABLE_OBJC_WEAK = YES;
				CLANG_WARN_BLOCK_CAPTURE_AUTORELEASING = YES;
				CLANG_WARN_BOOL_CONVERSION = YES;
				CLANG_WARN_COMMA = YES;
				CLANG_WARN_CONSTANT_CONVERSION = YES;
				CLANG_WARN_DEPRECATED_OBJC_IMPLEMENTATIONS = YES;
				CLANG_WARN_DIRECT_OBJC_ISA_USAGE = YES_ERROR;
				CLANG_WARN_DOCUMENTATION_COMMENTS = YES;
				CLANG_WARN_EMPTY_BODY = YES;
				CLANG_WARN_ENUM_CONVERSION = YES;
				CLANG_WARN_INFINITE_RECURSION = YES;
				CLANG_WARN_INT_CONVERSION = YES;
				CLANG_WARN_NON_LITERAL_NULL_CONVERSION = YES;
				CLANG_WARN_OBJC_IMPLICIT_RETAIN_SELF = YES;
				CLANG_WARN_OBJC_LITERAL_CONVERSION = YES;
				CLANG_WARN_OBJC_ROOT_CLASS = YES_ERROR;
				CLANG_WARN_QUOTED_INCLUDE_IN_FRAMEWORK_HEADER = YES;
				CLANG_WARN_RANGE_LOOP_ANALYSIS = YES;
				CLANG_WARN_STRICT_PROTOTYPES = YES;
				CLANG_WARN_SUSPICIOUS_MOVE = YES;
				CLANG_WARN_UNGUARDED_AVAILABILITY = YES_AGGRESSIVE;
				CLANG_WARN_UNREACHABLE_CODE = YES;
				CLANG_WARN__DUPLICATE_METHOD_MATCH = YES;
				COPY_PHASE_STRIP = NO;
				DEBUG_INFORMATION_FORMAT = dwarf;
				ENABLE_STRICT_OBJC_MSGSEND = YES;
				ENABLE_TESTABILITY = YES;
				GCC_C_LANGUAGE_STANDARD = gnu11;
				GCC_DYNAMIC_NO_PIC = NO;
				GCC_NO_COMMON_BLOCKS = YES;
				GCC_OPTIMIZATION_LEVEL = 0;
				GCC_PREPROCESSOR_DEFINITIONS = (
					"DEBUG=1",
					"$(inherited)",
				);
				GCC_WARN_64_TO_32_BIT_CONVERSION = YES;
				GCC_WARN_ABOUT_RETURN_TYPE = YES_ERROR;
				GCC_WARN_UNDECLARED_SELECTOR = YES;
				GCC_WARN_UNINITIALIZED_AUTOS = YES_AGGRESSIVE;
				GCC_WARN_UNUSED_FUNCTION = YES;
				GCC_WARN_UNUSED_VARIABLE = YES;
				IPHONEOS_DEPLOYMENT_TARGET = 16.2;
				MTL_ENABLE_DEBUG_INFO = INCLUDE_SOURCE;
				MTL_FAST_MATH = YES;
				ONLY_ACTIVE_ARCH = YES;
				SDKROOT = iphoneos;
				SWIFT_ACTIVE_COMPILATION_CONDITIONS = DEBUG;
				SWIFT_OPTIMIZATION_LEVEL = "-Onone";
			};
			name = Debug;
		};
		02AF19B329799F600048DE49 /* Release */ = {
			isa = XCBuildConfiguration;
			buildSettings = {
				ALWAYS_SEARCH_USER_PATHS = NO;
				CLANG_ANALYZER_NONNULL = YES;
				CLANG_ANALYZER_NUMBER_OBJECT_CONVERSION = YES_AGGRESSIVE;
				CLANG_CXX_LANGUAGE_STANDARD = "gnu++20";
				CLANG_ENABLE_MODULES = YES;
				CLANG_ENABLE_OBJC_ARC = YES;
				CLANG_ENABLE_OBJC_WEAK = YES;
				CLANG_WARN_BLOCK_CAPTURE_AUTORELEASING = YES;
				CLANG_WARN_BOOL_CONVERSION = YES;
				CLANG_WARN_COMMA = YES;
				CLANG_WARN_CONSTANT_CONVERSION = YES;
				CLANG_WARN_DEPRECATED_OBJC_IMPLEMENTATIONS = YES;
				CLANG_WARN_DIRECT_OBJC_ISA_USAGE = YES_ERROR;
				CLANG_WARN_DOCUMENTATION_COMMENTS = YES;
				CLANG_WARN_EMPTY_BODY = YES;
				CLANG_WARN_ENUM_CONVERSION = YES;
				CLANG_WARN_INFINITE_RECURSION = YES;
				CLANG_WARN_INT_CONVERSION = YES;
				CLANG_WARN_NON_LITERAL_NULL_CONVERSION = YES;
				CLANG_WARN_OBJC_IMPLICIT_RETAIN_SELF = YES;
				CLANG_WARN_OBJC_LITERAL_CONVERSION = YES;
				CLANG_WARN_OBJC_ROOT_CLASS = YES_ERROR;
				CLANG_WARN_QUOTED_INCLUDE_IN_FRAMEWORK_HEADER = YES;
				CLANG_WARN_RANGE_LOOP_ANALYSIS = YES;
				CLANG_WARN_STRICT_PROTOTYPES = YES;
				CLANG_WARN_SUSPICIOUS_MOVE = YES;
				CLANG_WARN_UNGUARDED_AVAILABILITY = YES_AGGRESSIVE;
				CLANG_WARN_UNREACHABLE_CODE = YES;
				CLANG_WARN__DUPLICATE_METHOD_MATCH = YES;
				COPY_PHASE_STRIP = NO;
				DEBUG_INFORMATION_FORMAT = "dwarf-with-dsym";
				ENABLE_NS_ASSERTIONS = NO;
				ENABLE_STRICT_OBJC_MSGSEND = YES;
				GCC_C_LANGUAGE_STANDARD = gnu11;
				GCC_NO_COMMON_BLOCKS = YES;
				GCC_WARN_64_TO_32_BIT_CONVERSION = YES;
				GCC_WARN_ABOUT_RETURN_TYPE = YES_ERROR;
				GCC_WARN_UNDECLARED_SELECTOR = YES;
				GCC_WARN_UNINITIALIZED_AUTOS = YES_AGGRESSIVE;
				GCC_WARN_UNUSED_FUNCTION = YES;
				GCC_WARN_UNUSED_VARIABLE = YES;
				IPHONEOS_DEPLOYMENT_TARGET = 16.2;
				MTL_ENABLE_DEBUG_INFO = NO;
				MTL_FAST_MATH = YES;
				SDKROOT = iphoneos;
				SWIFT_COMPILATION_MODE = wholemodule;
				SWIFT_OPTIMIZATION_LEVEL = "-O";
				VALIDATE_PRODUCT = YES;
			};
			name = Release;
		};
		02AF19B529799F600048DE49 /* Debug */ = {
			isa = XCBuildConfiguration;
			buildSettings = {
				ASSETCATALOG_COMPILER_APPICON_NAME = AppIcon;
				ASSETCATALOG_COMPILER_GLOBAL_ACCENT_COLOR_NAME = AccentColor;
				CODE_SIGN_STYLE = Automatic;
				CURRENT_PROJECT_VERSION = 1;
				GENERATE_INFOPLIST_FILE = YES;
				INFOPLIST_FILE = TravelBuddy/Info.plist;
				INFOPLIST_KEY_CFBundleDisplayName = "Travel Buddy";
				INFOPLIST_KEY_UIApplicationSupportsIndirectInputEvents = YES;
				INFOPLIST_KEY_UILaunchStoryboardName = LaunchScreen;
				INFOPLIST_KEY_UIMainStoryboardFile = Main;
				INFOPLIST_KEY_UISupportedInterfaceOrientations_iPad = "UIInterfaceOrientationPortrait UIInterfaceOrientationPortraitUpsideDown UIInterfaceOrientationLandscapeLeft UIInterfaceOrientationLandscapeRight";
				INFOPLIST_KEY_UISupportedInterfaceOrientations_iPhone = "UIInterfaceOrientationPortrait UIInterfaceOrientationLandscapeLeft UIInterfaceOrientationLandscapeRight";
				LD_RUNPATH_SEARCH_PATHS = (
					"$(inherited)",
					"@executable_path/Frameworks",
				);
				MARKETING_VERSION = 1.0;
				PRODUCT_BUNDLE_IDENTIFIER = com.jamaljones.TravelBuddy;
				PRODUCT_NAME = "$(TARGET_NAME)";
				SWIFT_EMIT_LOC_STRINGS = YES;
				SWIFT_VERSION = 5.0;
				TARGETED_DEVICE_FAMILY = "1,2";
			};
			name = Debug;
		};
		02AF19B629799F600048DE49 /* Release */ = {
			isa = XCBuildConfiguration;
			buildSettings = {
				ASSETCATALOG_COMPILER_APPICON_NAME = AppIcon;
				ASSETCATALOG_COMPILER_GLOBAL_ACCENT_COLOR_NAME = AccentColor;
				CODE_SIGN_STYLE = Automatic;
				CURRENT_PROJECT_VERSION = 1;
				GENERATE_INFOPLIST_FILE = YES;
				INFOPLIST_FILE = TravelBuddy/Info.plist;
				INFOPLIST_KEY_CFBundleDisplayName = "Travel Buddy";
				INFOPLIST_KEY_UIApplicationSupportsIndirectInputEvents = YES;
				INFOPLIST_KEY_UILaunchStoryboardName = LaunchScreen;
				INFOPLIST_KEY_UIMainStoryboardFile = Main;
				INFOPLIST_KEY_UISupportedInterfaceOrientations_iPad = "UIInterfaceOrientationPortrait UIInterfaceOrientationPortraitUpsideDown UIInterfaceOrientationLandscapeLeft UIInterfaceOrientationLandscapeRight";
				INFOPLIST_KEY_UISupportedInterfaceOrientations_iPhone = "UIInterfaceOrientationPortrait UIInterfaceOrientationLandscapeLeft UIInterfaceOrientationLandscapeRight";
				LD_RUNPATH_SEARCH_PATHS = (
					"$(inherited)",
					"@executable_path/Frameworks",
				);
				MARKETING_VERSION = 1.0;
				PRODUCT_BUNDLE_IDENTIFIER = com.jamaljones.TravelBuddy;
				PRODUCT_NAME = "$(TARGET_NAME)";
				SWIFT_EMIT_LOC_STRINGS = YES;
				SWIFT_VERSION = 5.0;
				TARGETED_DEVICE_FAMILY = "1,2";
			};
			name = Release;
		};
		02AF19B829799F600048DE49 /* Debug */ = {
			isa = XCBuildConfiguration;
			buildSettings = {
				ALWAYS_EMBED_SWIFT_STANDARD_LIBRARIES = YES;
				BUNDLE_LOADER = "$(TEST_HOST)";
				CODE_SIGN_STYLE = Automatic;
				CURRENT_PROJECT_VERSION = 1;
				GENERATE_INFOPLIST_FILE = YES;
				IPHONEOS_DEPLOYMENT_TARGET = 16.2;
				MARKETING_VERSION = 1.0;
				PRODUCT_BUNDLE_IDENTIFIER = com.jamaljones.TravelBuddyTests;
				PRODUCT_NAME = "$(TARGET_NAME)";
				SWIFT_EMIT_LOC_STRINGS = NO;
				SWIFT_VERSION = 5.0;
				TARGETED_DEVICE_FAMILY = "1,2";
				TEST_HOST = "$(BUILT_PRODUCTS_DIR)/TravelBuddy.app/$(BUNDLE_EXECUTABLE_FOLDER_PATH)/TravelBuddy";
			};
			name = Debug;
		};
		02AF19B929799F600048DE49 /* Release */ = {
			isa = XCBuildConfiguration;
			buildSettings = {
				ALWAYS_EMBED_SWIFT_STANDARD_LIBRARIES = YES;
				BUNDLE_LOADER = "$(TEST_HOST)";
				CODE_SIGN_STYLE = Automatic;
				CURRENT_PROJECT_VERSION = 1;
				GENERATE_INFOPLIST_FILE = YES;
				IPHONEOS_DEPLOYMENT_TARGET = 16.2;
				MARKETING_VERSION = 1.0;
				PRODUCT_BUNDLE_IDENTIFIER = com.jamaljones.TravelBuddyTests;
				PRODUCT_NAME = "$(TARGET_NAME)";
				SWIFT_EMIT_LOC_STRINGS = NO;
				SWIFT_VERSION = 5.0;
				TARGETED_DEVICE_FAMILY = "1,2";
				TEST_HOST = "$(BUILT_PRODUCTS_DIR)/TravelBuddy.app/$(BUNDLE_EXECUTABLE_FOLDER_PATH)/TravelBuddy";
			};
			name = Release;
		};
		02AF19BB29799F600048DE49 /* Debug */ = {
			isa = XCBuildConfiguration;
			buildSettings = {
				ALWAYS_EMBED_SWIFT_STANDARD_LIBRARIES = YES;
				CODE_SIGN_STYLE = Automatic;
				CURRENT_PROJECT_VERSION = 1;
				GENERATE_INFOPLIST_FILE = YES;
				MARKETING_VERSION = 1.0;
				PRODUCT_BUNDLE_IDENTIFIER = com.jamaljones.TravelBuddyUITests;
				PRODUCT_NAME = "$(TARGET_NAME)";
				SWIFT_EMIT_LOC_STRINGS = NO;
				SWIFT_VERSION = 5.0;
				TARGETED_DEVICE_FAMILY = "1,2";
				TEST_TARGET_NAME = TravelBuddy;
			};
			name = Debug;
		};
		02AF19BC29799F600048DE49 /* Release */ = {
			isa = XCBuildConfiguration;
			buildSettings = {
				ALWAYS_EMBED_SWIFT_STANDARD_LIBRARIES = YES;
				CODE_SIGN_STYLE = Automatic;
				CURRENT_PROJECT_VERSION = 1;
				GENERATE_INFOPLIST_FILE = YES;
				MARKETING_VERSION = 1.0;
				PRODUCT_BUNDLE_IDENTIFIER = com.jamaljones.TravelBuddyUITests;
				PRODUCT_NAME = "$(TARGET_NAME)";
				SWIFT_EMIT_LOC_STRINGS = NO;
				SWIFT_VERSION = 5.0;
				TARGETED_DEVICE_FAMILY = "1,2";
				TEST_TARGET_NAME = TravelBuddy;
			};
			name = Release;
		};
/* End XCBuildConfiguration section */

/* Begin XCConfigurationList section */
		02AF198529799F5D0048DE49 /* Build configuration list for PBXProject "TravelBuddy" */ = {
			isa = XCConfigurationList;
			buildConfigurations = (
				02AF19B229799F600048DE49 /* Debug */,
				02AF19B329799F600048DE49 /* Release */,
			);
			defaultConfigurationIsVisible = 0;
			defaultConfigurationName = Release;
		};
		02AF19B429799F600048DE49 /* Build configuration list for PBXNativeTarget "TravelBuddy" */ = {
			isa = XCConfigurationList;
			buildConfigurations = (
				02AF19B529799F600048DE49 /* Debug */,
				02AF19B629799F600048DE49 /* Release */,
			);
			defaultConfigurationIsVisible = 0;
			defaultConfigurationName = Release;
		};
		02AF19B729799F600048DE49 /* Build configuration list for PBXNativeTarget "TravelBuddyTests" */ = {
			isa = XCConfigurationList;
			buildConfigurations = (
				02AF19B829799F600048DE49 /* Debug */,
				02AF19B929799F600048DE49 /* Release */,
			);
			defaultConfigurationIsVisible = 0;
			defaultConfigurationName = Release;
		};
		02AF19BA29799F600048DE49 /* Build configuration list for PBXNativeTarget "TravelBuddyUITests" */ = {
			isa = XCConfigurationList;
			buildConfigurations = (
				02AF19BB29799F600048DE49 /* Debug */,
				02AF19BC29799F600048DE49 /* Release */,
			);
			defaultConfigurationIsVisible = 0;
			defaultConfigurationName = Release;
		};
/* End XCConfigurationList section */

/* Begin XCRemoteSwiftPackageReference section */
		02AF19CA2979D5DC0048DE49 /* XCRemoteSwiftPackageReference "firebase-ios-sdk" */ = {
			isa = XCRemoteSwiftPackageReference;
			repositoryURL = "https://github.com/firebase/firebase-ios-sdk";
			requirement = {
				branch = master;
				kind = branch;
			};
		};
/* End XCRemoteSwiftPackageReference section */

/* Begin XCSwiftPackageProductDependency section */
		02AF19CB2979D5DC0048DE49 /* FirebaseAnalytics */ = {
			isa = XCSwiftPackageProductDependency;
			package = 02AF19CA2979D5DC0048DE49 /* XCRemoteSwiftPackageReference "firebase-ios-sdk" */;
			productName = FirebaseAnalytics;
		};
		02AF19CD2979D5DC0048DE49 /* FirebaseAnalyticsOnDeviceConversion */ = {
			isa = XCSwiftPackageProductDependency;
			package = 02AF19CA2979D5DC0048DE49 /* XCRemoteSwiftPackageReference "firebase-ios-sdk" */;
			productName = FirebaseAnalyticsOnDeviceConversion;
		};
		02AF19CF2979D5DC0048DE49 /* FirebaseAnalyticsSwift */ = {
			isa = XCSwiftPackageProductDependency;
			package = 02AF19CA2979D5DC0048DE49 /* XCRemoteSwiftPackageReference "firebase-ios-sdk" */;
			productName = FirebaseAnalyticsSwift;
		};
		02AF19D12979D5DC0048DE49 /* FirebaseAnalyticsWithoutAdIdSupport */ = {
			isa = XCSwiftPackageProductDependency;
			package = 02AF19CA2979D5DC0048DE49 /* XCRemoteSwiftPackageReference "firebase-ios-sdk" */;
			productName = FirebaseAnalyticsWithoutAdIdSupport;
		};
		02AF19D32979D5DC0048DE49 /* FirebaseAppCheck */ = {
			isa = XCSwiftPackageProductDependency;
			package = 02AF19CA2979D5DC0048DE49 /* XCRemoteSwiftPackageReference "firebase-ios-sdk" */;
			productName = FirebaseAppCheck;
		};
		02AF19D52979D5DC0048DE49 /* FirebaseAppDistribution-Beta */ = {
			isa = XCSwiftPackageProductDependency;
			package = 02AF19CA2979D5DC0048DE49 /* XCRemoteSwiftPackageReference "firebase-ios-sdk" */;
			productName = "FirebaseAppDistribution-Beta";
		};
		02AF19D72979D5DC0048DE49 /* FirebaseAuth */ = {
			isa = XCSwiftPackageProductDependency;
			package = 02AF19CA2979D5DC0048DE49 /* XCRemoteSwiftPackageReference "firebase-ios-sdk" */;
			productName = FirebaseAuth;
		};
		02AF19D92979D5DC0048DE49 /* FirebaseAuthCombine-Community */ = {
			isa = XCSwiftPackageProductDependency;
			package = 02AF19CA2979D5DC0048DE49 /* XCRemoteSwiftPackageReference "firebase-ios-sdk" */;
			productName = "FirebaseAuthCombine-Community";
		};
		02AF19DB2979D5DC0048DE49 /* FirebaseCrashlytics */ = {
			isa = XCSwiftPackageProductDependency;
			package = 02AF19CA2979D5DC0048DE49 /* XCRemoteSwiftPackageReference "firebase-ios-sdk" */;
			productName = FirebaseCrashlytics;
		};
		02AF19DD2979D5DC0048DE49 /* FirebaseDatabase */ = {
			isa = XCSwiftPackageProductDependency;
			package = 02AF19CA2979D5DC0048DE49 /* XCRemoteSwiftPackageReference "firebase-ios-sdk" */;
			productName = FirebaseDatabase;
		};
		02AF19DF2979D5DC0048DE49 /* FirebaseDatabaseSwift */ = {
			isa = XCSwiftPackageProductDependency;
			package = 02AF19CA2979D5DC0048DE49 /* XCRemoteSwiftPackageReference "firebase-ios-sdk" */;
			productName = FirebaseDatabaseSwift;
		};
		02AF19E12979D5DC0048DE49 /* FirebaseDynamicLinks */ = {
			isa = XCSwiftPackageProductDependency;
			package = 02AF19CA2979D5DC0048DE49 /* XCRemoteSwiftPackageReference "firebase-ios-sdk" */;
			productName = FirebaseDynamicLinks;
		};
		02AF19E32979D5DC0048DE49 /* FirebaseFirestore */ = {
			isa = XCSwiftPackageProductDependency;
			package = 02AF19CA2979D5DC0048DE49 /* XCRemoteSwiftPackageReference "firebase-ios-sdk" */;
			productName = FirebaseFirestore;
		};
		02AF19E52979D5DC0048DE49 /* FirebaseFirestoreCombine-Community */ = {
			isa = XCSwiftPackageProductDependency;
			package = 02AF19CA2979D5DC0048DE49 /* XCRemoteSwiftPackageReference "firebase-ios-sdk" */;
			productName = "FirebaseFirestoreCombine-Community";
		};
		02AF19E72979D5DC0048DE49 /* FirebaseFirestoreSwift */ = {
			isa = XCSwiftPackageProductDependency;
			package = 02AF19CA2979D5DC0048DE49 /* XCRemoteSwiftPackageReference "firebase-ios-sdk" */;
			productName = FirebaseFirestoreSwift;
		};
		02AF19E92979D5DC0048DE49 /* FirebaseFunctions */ = {
			isa = XCSwiftPackageProductDependency;
			package = 02AF19CA2979D5DC0048DE49 /* XCRemoteSwiftPackageReference "firebase-ios-sdk" */;
			productName = FirebaseFunctions;
		};
		02AF19EB2979D5DC0048DE49 /* FirebaseFunctionsCombine-Community */ = {
			isa = XCSwiftPackageProductDependency;
			package = 02AF19CA2979D5DC0048DE49 /* XCRemoteSwiftPackageReference "firebase-ios-sdk" */;
			productName = "FirebaseFunctionsCombine-Community";
		};
		02AF19ED2979D5DC0048DE49 /* FirebaseInAppMessaging-Beta */ = {
			isa = XCSwiftPackageProductDependency;
			package = 02AF19CA2979D5DC0048DE49 /* XCRemoteSwiftPackageReference "firebase-ios-sdk" */;
			productName = "FirebaseInAppMessaging-Beta";
		};
		02AF19EF2979D5DC0048DE49 /* FirebaseInAppMessagingSwift-Beta */ = {
			isa = XCSwiftPackageProductDependency;
			package = 02AF19CA2979D5DC0048DE49 /* XCRemoteSwiftPackageReference "firebase-ios-sdk" */;
			productName = "FirebaseInAppMessagingSwift-Beta";
		};
		02AF19F12979D5DC0048DE49 /* FirebaseInstallations */ = {
			isa = XCSwiftPackageProductDependency;
			package = 02AF19CA2979D5DC0048DE49 /* XCRemoteSwiftPackageReference "firebase-ios-sdk" */;
			productName = FirebaseInstallations;
		};
		02AF19F32979D5DC0048DE49 /* FirebaseMLModelDownloader */ = {
			isa = XCSwiftPackageProductDependency;
			package = 02AF19CA2979D5DC0048DE49 /* XCRemoteSwiftPackageReference "firebase-ios-sdk" */;
			productName = FirebaseMLModelDownloader;
		};
		02AF19F52979D5DC0048DE49 /* FirebaseMessaging */ = {
			isa = XCSwiftPackageProductDependency;
			package = 02AF19CA2979D5DC0048DE49 /* XCRemoteSwiftPackageReference "firebase-ios-sdk" */;
			productName = FirebaseMessaging;
		};
		02AF19F72979D5DC0048DE49 /* FirebasePerformance */ = {
			isa = XCSwiftPackageProductDependency;
			package = 02AF19CA2979D5DC0048DE49 /* XCRemoteSwiftPackageReference "firebase-ios-sdk" */;
			productName = FirebasePerformance;
		};
		02AF19F92979D5DC0048DE49 /* FirebaseRemoteConfig */ = {
			isa = XCSwiftPackageProductDependency;
			package = 02AF19CA2979D5DC0048DE49 /* XCRemoteSwiftPackageReference "firebase-ios-sdk" */;
			productName = FirebaseRemoteConfig;
		};
		02AF19FB2979D5DC0048DE49 /* FirebaseRemoteConfigSwift */ = {
			isa = XCSwiftPackageProductDependency;
			package = 02AF19CA2979D5DC0048DE49 /* XCRemoteSwiftPackageReference "firebase-ios-sdk" */;
			productName = FirebaseRemoteConfigSwift;
		};
		02AF19FD2979D5DC0048DE49 /* FirebaseStorage */ = {
			isa = XCSwiftPackageProductDependency;
			package = 02AF19CA2979D5DC0048DE49 /* XCRemoteSwiftPackageReference "firebase-ios-sdk" */;
			productName = FirebaseStorage;
		};
		02AF19FF2979D5DC0048DE49 /* FirebaseStorageCombine-Community */ = {
			isa = XCSwiftPackageProductDependency;
			package = 02AF19CA2979D5DC0048DE49 /* XCRemoteSwiftPackageReference "firebase-ios-sdk" */;
			productName = "FirebaseStorageCombine-Community";
		};
/* End XCSwiftPackageProductDependency section */
	};
	rootObject = 02AF198229799F5D0048DE49 /* Project object */;
}
